Microsoft Visual Studio Solution File, Format Version 12.00
# Visual Studio 2012
Project("{FAE04EC0-301F-11D3-BF4B-00C04F79EFBC}") = "Ekskursija Ap Liepāju", "Ekskursija Ap Liepāju.csproj", "{DF3327D1-821A-4485-A1AB-7BA055C49C52}"
EndProject
Global
	GlobalSection(SolutionConfigurationPlatforms) = preSolution
	Debug|Any CPU = Debug|Any CPU
	ExportDebug|Any CPU = ExportDebug|Any CPU
	ExportRelease|Any CPU = ExportRelease|Any CPU
	EndGlobalSection
	GlobalSection(ProjectConfigurationPlatforms) = postSolution
		{DF3327D1-821A-4485-A1AB-7BA055C49C52}.Debug|Any CPU.ActiveCfg = Debug|Any CPU
		{DF3327D1-821A-4485-A1AB-7BA055C49C52}.Debug|Any CPU.Build.0 = Debug|Any CPU
		{DF3327D1-821A-4485-A1AB-7BA055C49C52}.ExportDebug|Any CPU.ActiveCfg = ExportDebug|Any CPU
		{DF3327D1-821A-4485-A1AB-7BA055C49C52}.ExportDebug|Any CPU.Build.0 = ExportDebug|Any CPU
		{DF3327D1-821A-4485-A1AB-7BA055C49C52}.ExportRelease|Any CPU.ActiveCfg = ExportRelease|Any CPU
		{DF3327D1-821A-4485-A1AB-7BA055C49C52}.ExportRelease|Any CPU.Build.0 = ExportRelease|Any CPU
	EndGlobalSection
EndGlobal
